
Microsoft Visual Studio Solution File, Format Version 12.00
# Visual Studio 2012
Project("{FAE04EC0-301F-11D3-BF4B-00C04F79EFBC}") = "NComics", "NComics\NComics.csproj", "{F58BD5FE-F467-4DED-8B2F-8D9F30BD690D}"
EndProject
Project("{FAE04EC0-301F-11D3-BF4B-00C04F79EFBC}") = "NComics.Domain", "NComics.Domain\NComics.Domain.csproj", "{52649D3A-DB30-4370-AF8E-BC9F1B27ADE8}"
EndProject
Project("{FAE04EC0-301F-11D3-BF4B-00C04F79EFBC}") = "NComics.Tests", "NComics.Tests\NComics.Tests.csproj", "{C70FF4FC-A5D1-4D66-99FE-41FD04288CEF}"
EndProject
Global
	GlobalSection(SolutionConfigurationPlatforms) = preSolution
		Debug|Any CPU = Debug|Any CPU
		Release|Any CPU = Release|Any CPU
	EndGlobalSection
	GlobalSection(ProjectConfigurationPlatforms) = postSolution
		{F58BD5FE-F467-4DED-8B2F-8D9F30BD690D}.Debug|Any CPU.ActiveCfg = Debug|Any CPU
		{F58BD5FE-F467-4DED-8B2F-8D9F30BD690D}.Debug|Any CPU.Build.0 = Debug|Any CPU
		{F58BD5FE-F467-4DED-8B2F-8D9F30BD690D}.Release|Any CPU.ActiveCfg = Release|Any CPU
		{F58BD5FE-F467-4DED-8B2F-8D9F30BD690D}.Release|Any CPU.Build.0 = Release|Any CPU
		{52649D3A-DB30-4370-AF8E-BC9F1B27ADE8}.Debug|Any CPU.ActiveCfg = Debug|Any CPU
		{52649D3A-DB30-4370-AF8E-BC9F1B27ADE8}.Debug|Any CPU.Build.0 = Debug|Any CPU
		{52649D3A-DB30-4370-AF8E-BC9F1B27ADE8}.Release|Any CPU.ActiveCfg = Release|Any CPU
		{52649D3A-DB30-4370-AF8E-BC9F1B27ADE8}.Release|Any CPU.Build.0 = Release|Any CPU
		{C70FF4FC-A5D1-4D66-99FE-41FD04288CEF}.Debug|Any CPU.ActiveCfg = Debug|Any CPU
		{C70FF4FC-A5D1-4D66-99FE-41FD04288CEF}.Debug|Any CPU.Build.0 = Debug|Any CPU
		{C70FF4FC-A5D1-4D66-99FE-41FD04288CEF}.Release|Any CPU.ActiveCfg = Release|Any CPU
		{C70FF4FC-A5D1-4D66-99FE-41FD04288CEF}.Release|Any CPU.Build.0 = Release|Any CPU
	EndGlobalSection
	GlobalSection(SolutionProperties) = preSolution
		HideSolutionNode = FALSE
	EndGlobalSection
EndGlobal
